
Microsoft Visual Studio Solution File, Format Version 12.00
# Visual Studio 15
VisualStudioVersion = 15.0.28307.421
MinimumVisualStudioVersion = 10.0.40219.1
Project("{FAE04EC0-301F-11D3-BF4B-00C04F79EFBC}") = "3_Exercicio6", "3_Exercicio6\3_Exercicio6.csproj", "{F9C28C22-887C-4543-A46B-FD0BE8E6A1B6}"
EndProject
Global
	GlobalSection(SolutionConfigurationPlatforms) = preSolution
		Debug|Any CPU = Debug|Any CPU
		Release|Any CPU = Release|Any CPU
	EndGlobalSection
	GlobalSection(ProjectConfigurationPlatforms) = postSolution
		{F9C28C22-887C-4543-A46B-FD0BE8E6A1B6}.Debug|Any CPU.ActiveCfg = Debug|Any CPU
		{F9C28C22-887C-4543-A46B-FD0BE8E6A1B6}.Debug|Any CPU.Build.0 = Debug|Any CPU
		{F9C28C22-887C-4543-A46B-FD0BE8E6A1B6}.Release|Any CPU.ActiveCfg = Release|Any CPU
		{F9C28C22-887C-4543-A46B-FD0BE8E6A1B6}.Release|Any CPU.Build.0 = Release|Any CPU
	EndGlobalSection
	GlobalSection(SolutionProperties) = preSolution
		HideSolutionNode = FALSE
	EndGlobalSection
	GlobalSection(ExtensibilityGlobals) = postSolution
		SolutionGuid = {84848800-0C77-4DC3-B860-E9126AB70D6A}
	EndGlobalSection
EndGlobal
