
Microsoft Visual Studio Solution File, Format Version 12.00
# Visual Studio 15
VisualStudioVersion = 15.0.28307.421
MinimumVisualStudioVersion = 10.0.40219.1
Project("{FAE04EC0-301F-11D3-BF4B-00C04F79EFBC}") = "4_Aula", "4_Aula\4_Aula.csproj", "{DE7F4D05-CC7F-4A07-A203-7192E1DCDBCC}"
EndProject
Global
	GlobalSection(SolutionConfigurationPlatforms) = preSolution
		Debug|Any CPU = Debug|Any CPU
		Release|Any CPU = Release|Any CPU
	EndGlobalSection
	GlobalSection(ProjectConfigurationPlatforms) = postSolution
		{DE7F4D05-CC7F-4A07-A203-7192E1DCDBCC}.Debug|Any CPU.ActiveCfg = Debug|Any CPU
		{DE7F4D05-CC7F-4A07-A203-7192E1DCDBCC}.Debug|Any CPU.Build.0 = Debug|Any CPU
		{DE7F4D05-CC7F-4A07-A203-7192E1DCDBCC}.Release|Any CPU.ActiveCfg = Release|Any CPU
		{DE7F4D05-CC7F-4A07-A203-7192E1DCDBCC}.Release|Any CPU.Build.0 = Release|Any CPU
	EndGlobalSection
	GlobalSection(SolutionProperties) = preSolution
		HideSolutionNode = FALSE
	EndGlobalSection
	GlobalSection(ExtensibilityGlobals) = postSolution
		SolutionGuid = {48C40B2E-EA06-4EF3-91B7-B153D07AC259}
	EndGlobalSection
EndGlobal
