
Microsoft Visual Studio Solution File, Format Version 12.00
# Visual Studio Version 16
VisualStudioVersion = 16.0.30523.141
MinimumVisualStudioVersion = 10.0.40219.1
Project("{FAE04EC0-301F-11D3-BF4B-00C04F79EFBC}") = "Triangulo-WF", "Triangulo-WF\Triangulo-WF.csproj", "{665EA8B5-690C-45EA-A471-0D132C23833D}"
EndProject
Global
	GlobalSection(SolutionConfigurationPlatforms) = preSolution
		Debug|Any CPU = Debug|Any CPU
		Release|Any CPU = Release|Any CPU
	EndGlobalSection
	GlobalSection(ProjectConfigurationPlatforms) = postSolution
		{665EA8B5-690C-45EA-A471-0D132C23833D}.Debug|Any CPU.ActiveCfg = Debug|Any CPU
		{665EA8B5-690C-45EA-A471-0D132C23833D}.Debug|Any CPU.Build.0 = Debug|Any CPU
		{665EA8B5-690C-45EA-A471-0D132C23833D}.Release|Any CPU.ActiveCfg = Release|Any CPU
		{665EA8B5-690C-45EA-A471-0D132C23833D}.Release|Any CPU.Build.0 = Release|Any CPU
	EndGlobalSection
	GlobalSection(SolutionProperties) = preSolution
		HideSolutionNode = FALSE
	EndGlobalSection
	GlobalSection(ExtensibilityGlobals) = postSolution
		SolutionGuid = {208BDD34-432A-422A-AC0A-FD39663B50CB}
	EndGlobalSection
EndGlobal
