
Microsoft Visual Studio Solution File, Format Version 12.00
# Visual Studio Version 16
VisualStudioVersion = 16.0.30523.141
MinimumVisualStudioVersion = 10.0.40219.1
Project("{FAE04EC0-301F-11D3-BF4B-00C04F79EFBC}") = "CalculoComRaio", "CalculoComRaio\CalculoComRaio.csproj", "{E97DDE9B-1AF3-45C9-891D-ABF7FF2EAAB5}"
EndProject
Global
	GlobalSection(SolutionConfigurationPlatforms) = preSolution
		Debug|Any CPU = Debug|Any CPU
		Release|Any CPU = Release|Any CPU
	EndGlobalSection
	GlobalSection(ProjectConfigurationPlatforms) = postSolution
		{E97DDE9B-1AF3-45C9-891D-ABF7FF2EAAB5}.Debug|Any CPU.ActiveCfg = Debug|Any CPU
		{E97DDE9B-1AF3-45C9-891D-ABF7FF2EAAB5}.Debug|Any CPU.Build.0 = Debug|Any CPU
		{E97DDE9B-1AF3-45C9-891D-ABF7FF2EAAB5}.Release|Any CPU.ActiveCfg = Release|Any CPU
		{E97DDE9B-1AF3-45C9-891D-ABF7FF2EAAB5}.Release|Any CPU.Build.0 = Release|Any CPU
	EndGlobalSection
	GlobalSection(SolutionProperties) = preSolution
		HideSolutionNode = FALSE
	EndGlobalSection
	GlobalSection(ExtensibilityGlobals) = postSolution
		SolutionGuid = {F85CE273-DAEE-47F6-B1D0-5BC5B78A010C}
	EndGlobalSection
EndGlobal
