
Microsoft Visual Studio Solution File, Format Version 12.00
# Visual Studio Version 16
VisualStudioVersion = 16.0.30523.141
MinimumVisualStudioVersion = 10.0.40219.1
Project("{FAE04EC0-301F-11D3-BF4B-00C04F79EFBC}") = "InverteNumeros", "InverteNumeros\InverteNumeros.csproj", "{67410D87-B949-4E7D-8803-E7F00ECA040C}"
EndProject
Global
	GlobalSection(SolutionConfigurationPlatforms) = preSolution
		Debug|Any CPU = Debug|Any CPU
		Release|Any CPU = Release|Any CPU
	EndGlobalSection
	GlobalSection(ProjectConfigurationPlatforms) = postSolution
		{67410D87-B949-4E7D-8803-E7F00ECA040C}.Debug|Any CPU.ActiveCfg = Debug|Any CPU
		{67410D87-B949-4E7D-8803-E7F00ECA040C}.Debug|Any CPU.Build.0 = Debug|Any CPU
		{67410D87-B949-4E7D-8803-E7F00ECA040C}.Release|Any CPU.ActiveCfg = Release|Any CPU
		{67410D87-B949-4E7D-8803-E7F00ECA040C}.Release|Any CPU.Build.0 = Release|Any CPU
	EndGlobalSection
	GlobalSection(SolutionProperties) = preSolution
		HideSolutionNode = FALSE
	EndGlobalSection
	GlobalSection(ExtensibilityGlobals) = postSolution
		SolutionGuid = {D00E7FFB-D2B8-4E94-8CBD-69E4104CA1AC}
	EndGlobalSection
EndGlobal
